
Microsoft Visual Studio Solution File, Format Version 12.00
# Visual Studio Version 17
VisualStudioVersion = 17.9.34714.143
MinimumVisualStudioVersion = 10.0.40219.1
Project("{FAE04EC0-301F-11D3-BF4B-00C04F79EFBC}") = "ScrabbleVize2", "ScrabbleVize2.csproj", "{F6D1D00E-912B-4C9B-9766-29EF9442E290}"
EndProject
Global
	GlobalSection(SolutionConfigurationPlatforms) = preSolution
		Debug|Any CPU = Debug|Any CPU
		Release|Any CPU = Release|Any CPU
	EndGlobalSection
	GlobalSection(ProjectConfigurationPlatforms) = postSolution
		{F6D1D00E-912B-4C9B-9766-29EF9442E290}.Debug|Any CPU.ActiveCfg = Debug|Any CPU
		{F6D1D00E-912B-4C9B-9766-29EF9442E290}.Debug|Any CPU.Build.0 = Debug|Any CPU
		{F6D1D00E-912B-4C9B-9766-29EF9442E290}.Release|Any CPU.ActiveCfg = Release|Any CPU
		{F6D1D00E-912B-4C9B-9766-29EF9442E290}.Release|Any CPU.Build.0 = Release|Any CPU
	EndGlobalSection
	GlobalSection(SolutionProperties) = preSolution
		HideSolutionNode = FALSE
	EndGlobalSection
	GlobalSection(ExtensibilityGlobals) = postSolution
		SolutionGuid = {6AB961C5-FA9B-48C3-8FF1-68F712747E25}
	EndGlobalSection
EndGlobal
